
Microsoft Visual Studio Solution File, Format Version 12.00
# Visual Studio 15
Project("{FAE04EC0-301F-11D3-BF4B-00C04F79EFBC}") = "Assembly-CSharp", "Assembly-CSharp.csproj", "{26426DC3-A3E3-4D1E-EB3A-4C5AAE6F52EB}"
EndProject
Project("{FAE04EC0-301F-11D3-BF4B-00C04F79EFBC}") = "Assembly-CSharp-Editor", "Assembly-CSharp-Editor.csproj", "{C4CB77CC-303F-95C0-F900-A9A2810A8A11}"
EndProject
Global
	GlobalSection(SolutionConfigurationPlatforms) = preSolution
		Debug|Any CPU = Debug|Any CPU
		Release|Any CPU = Release|Any CPU
	EndGlobalSection
	GlobalSection(ProjectConfigurationPlatforms) = postSolution
		{26426DC3-A3E3-4D1E-EB3A-4C5AAE6F52EB}.Debug|Any CPU.ActiveCfg = Debug|Any CPU
		{26426DC3-A3E3-4D1E-EB3A-4C5AAE6F52EB}.Debug|Any CPU.Build.0 = Debug|Any CPU
		{26426DC3-A3E3-4D1E-EB3A-4C5AAE6F52EB}.Release|Any CPU.ActiveCfg = Release|Any CPU
		{26426DC3-A3E3-4D1E-EB3A-4C5AAE6F52EB}.Release|Any CPU.Build.0 = Release|Any CPU
		{C4CB77CC-303F-95C0-F900-A9A2810A8A11}.Debug|Any CPU.ActiveCfg = Debug|Any CPU
		{C4CB77CC-303F-95C0-F900-A9A2810A8A11}.Debug|Any CPU.Build.0 = Debug|Any CPU
		{C4CB77CC-303F-95C0-F900-A9A2810A8A11}.Release|Any CPU.ActiveCfg = Release|Any CPU
		{C4CB77CC-303F-95C0-F900-A9A2810A8A11}.Release|Any CPU.Build.0 = Release|Any CPU
	EndGlobalSection
	GlobalSection(SolutionProperties) = preSolution
		HideSolutionNode = FALSE
	EndGlobalSection
EndGlobal
